
Microsoft Visual Studio Solution File, Format Version 12.00
# Visual Studio 15
VisualStudioVersion = 15.0.28307.1300
MinimumVisualStudioVersion = 10.0.40219.1
Project("{FAE04EC0-301F-11D3-BF4B-00C04F79EFBC}") = "lista6", "lista6\lista6.csproj", "{608AA92D-836E-4635-9EE3-14062FEB6AB3}"
EndProject
Project("{2150E333-8FDC-42A3-9474-1A3956D46DE8}") = "Solution Items", "Solution Items", "{58BD2B9E-719A-4559-9799-1A99F81D4CA3}"
	ProjectSection(SolutionItems) = preProject
		SQL_skalarna.sql = SQL_skalarna.sql
		SQL_tabelaryczna.sql = SQL_tabelaryczna.sql
		SQL_triggers.sql = SQL_triggers.sql
		SQLQuery2.sql = SQLQuery2.sql
		SqlQuery_1.sql = SqlQuery_1.sql
		SQLQuery_widok.sql = SQLQuery_widok.sql
	EndProjectSection
EndProject
Global
	GlobalSection(SolutionConfigurationPlatforms) = preSolution
		Debug|Any CPU = Debug|Any CPU
		Release|Any CPU = Release|Any CPU
	EndGlobalSection
	GlobalSection(ProjectConfigurationPlatforms) = postSolution
		{608AA92D-836E-4635-9EE3-14062FEB6AB3}.Debug|Any CPU.ActiveCfg = Debug|Any CPU
		{608AA92D-836E-4635-9EE3-14062FEB6AB3}.Debug|Any CPU.Build.0 = Debug|Any CPU
		{608AA92D-836E-4635-9EE3-14062FEB6AB3}.Release|Any CPU.ActiveCfg = Release|Any CPU
		{608AA92D-836E-4635-9EE3-14062FEB6AB3}.Release|Any CPU.Build.0 = Release|Any CPU
	EndGlobalSection
	GlobalSection(SolutionProperties) = preSolution
		HideSolutionNode = FALSE
	EndGlobalSection
	GlobalSection(ExtensibilityGlobals) = postSolution
		SolutionGuid = {CD43313C-FD17-4765-A12F-655BA9FACD0C}
	EndGlobalSection
EndGlobal
